schema: '2.0'
stages:
  data_ingestion:
    cmd: python src/data_ingestion.py
    deps:
    - path: src/data_ingestion.py
      hash: md5
      md5: af66843ef50d79515c1ea285ab282894
      size: 3652
      isexec: true
    outs:
    - path: data/raw
      hash: md5
      md5: bf796f9f2837dec080888b147fc10d2a.dir
      size: 479272
      nfiles: 2
  data_preprocessing:
    cmd: python src/data_preprocessing.py
    deps:
    - path: data/raw
      hash: md5
      md5: bf796f9f2837dec080888b147fc10d2a.dir
      size: 479272
      nfiles: 2
    - path: src/data_preprocessing.py
      hash: md5
      md5: b73bf109acefff6400eae34f706cdb59
      size: 3772
      isexec: true
    outs:
    - path: data/interim
      hash: md5
      md5: fad97cb3607a13b13134da614c279106.dir
      size: 270753
      nfiles: 2
  feature_engineering:
    cmd: python src/feature_engineering.py
    deps:
    - path: data/interim
      hash: md5
      md5: fad97cb3607a13b13134da614c279106.dir
      size: 270753
      nfiles: 2
    - path: src/feature_engineering.py
      hash: md5
      md5: 01994e8d9ffc4b365edbfc6fbdc26ad4
      size: 3797
      isexec: true
    outs:
    - path: data/processed
      hash: md5
      md5: bb4c0e8ad565ac47d3091f555704f75a.dir
      size: 823973
      nfiles: 2
  model_building:
    cmd: python src/model_building.py
    deps:
    - path: data/processed
      hash: md5
      md5: bb4c0e8ad565ac47d3091f555704f75a.dir
      size: 823973
      nfiles: 2
    - path: src/model_building.py
      hash: md5
      md5: 77c025cb068578132c19a747b222ee47
      size: 3767
      isexec: true
    outs:
    - path: model/model.pkl
      hash: md5
      md5: 02ce9f876bcfdbdb0c9aadb0067ba63b
      size: 689620
      isexec: true
  model_evaluation:
    cmd: python src/model_evaluation.py
    deps:
    - path: model/model.pkl
      hash: md5
      md5: 02ce9f876bcfdbdb0c9aadb0067ba63b
      size: 689620
      isexec: true
    - path: src/model_evaluation.py
      hash: md5
      md5: b3816be009072aa981af063c743fa94a
      size: 4549
      isexec: true
    outs:
    - path: reports/metrics.json
      hash: md5
      md5: d6490ffa15606dbf4436abc649ee6d3a
      size: 130
      isexec: true
